{
  "name": "rcwell",
  "version": "1.0.0",
  "lockfileVersion": 1,
  "requires": true,
  "dependencies": {
    "@tensorflow-models/toxicity": {
      "version": "1.2.2",
      "resolved": "https://registry.npmjs.org/@tensorflow-models/toxicity/-/toxicity-1.2.2.tgz",
      "integrity": "sha512-DSMIoBzNyX7+4D4cGKjsFLbCuJz3bksYpwFHKAjTp4+tmgAGpNyg5nDXXI/IQp18nMTbLKgLruLWOxq5y7P4WQ==",
      "requires": {
        "@tensorflow-models/universal-sentence-encoder": "~1.2.2"
      }
    },
    "@tensorflow-models/universal-sentence-encoder": {
      "version": "1.2.2",
      "resolved": "https://registry.npmjs.org/@tensorflow-models/universal-sentence-encoder/-/universal-sentence-encoder-1.2.2.tgz",
      "integrity": "sha512-fGCl/gwB7jmKCRI2FhgIBeIa/LCSUcjlEcckH2Bc2dIjhJ+2nspp+22lubxcseN6jjrmP42kkXt/reAPe+KJkQ=="
    }
  }
}
